
Microsoft Visual Studio Solution File, Format Version 12.00
# Visual Studio Version 17
VisualStudioVersion = 17.13.35806.99 d17.13
MinimumVisualStudioVersion = 10.0.40219.1
Project("{FAE04EC0-301F-11D3-BF4B-00C04F79EFBC}") = "Kutya", "Kutya\Kutya.csproj", "{111A2BD3-AAC5-4705-A47E-8F00C29757BB}"
EndProject
Global
	GlobalSection(SolutionConfigurationPlatforms) = preSolution
		Debug|Any CPU = Debug|Any CPU
		Release|Any CPU = Release|Any CPU
	EndGlobalSection
	GlobalSection(ProjectConfigurationPlatforms) = postSolution
		{111A2BD3-AAC5-4705-A47E-8F00C29757BB}.Debug|Any CPU.ActiveCfg = Debug|Any CPU
		{111A2BD3-AAC5-4705-A47E-8F00C29757BB}.Debug|Any CPU.Build.0 = Debug|Any CPU
		{111A2BD3-AAC5-4705-A47E-8F00C29757BB}.Release|Any CPU.ActiveCfg = Release|Any CPU
		{111A2BD3-AAC5-4705-A47E-8F00C29757BB}.Release|Any CPU.Build.0 = Release|Any CPU
	EndGlobalSection
	GlobalSection(SolutionProperties) = preSolution
		HideSolutionNode = FALSE
	EndGlobalSection
	GlobalSection(ExtensibilityGlobals) = postSolution
		SolutionGuid = {F10AEB14-297E-41F3-9053-EEC17DA61088}
	EndGlobalSection
EndGlobal
