
Microsoft Visual Studio Solution File, Format Version 12.00
# Visual Studio Version 17
VisualStudioVersion = 17.9.34607.119
MinimumVisualStudioVersion = 10.0.40219.1
Project("{FAE04EC0-301F-11D3-BF4B-00C04F79EFBC}") = "consoleAppKajak", "consoleAppKajak\consoleAppKajak.csproj", "{B56F03A7-9DB4-435A-99F2-02ABE6848714}"
EndProject
Global
	GlobalSection(SolutionConfigurationPlatforms) = preSolution
		Debug|Any CPU = Debug|Any CPU
		Release|Any CPU = Release|Any CPU
	EndGlobalSection
	GlobalSection(ProjectConfigurationPlatforms) = postSolution
		{B56F03A7-9DB4-435A-99F2-02ABE6848714}.Debug|Any CPU.ActiveCfg = Debug|Any CPU
		{B56F03A7-9DB4-435A-99F2-02ABE6848714}.Debug|Any CPU.Build.0 = Debug|Any CPU
		{B56F03A7-9DB4-435A-99F2-02ABE6848714}.Release|Any CPU.ActiveCfg = Release|Any CPU
		{B56F03A7-9DB4-435A-99F2-02ABE6848714}.Release|Any CPU.Build.0 = Release|Any CPU
	EndGlobalSection
	GlobalSection(SolutionProperties) = preSolution
		HideSolutionNode = FALSE
	EndGlobalSection
	GlobalSection(ExtensibilityGlobals) = postSolution
		SolutionGuid = {741A9646-1158-4432-99E3-6A415A2111A6}
	EndGlobalSection
EndGlobal
